
Microsoft Visual Studio Solution File, Format Version 12.00
# Visual Studio Version 17
VisualStudioVersion = 17.5.33627.172
MinimumVisualStudioVersion = 10.0.40219.1
Project("{9A19103F-16F7-4668-BE54-9A1E7A4F7556}") = "SemesterProjekt3Web", "SemesterProjekt3Web\SemesterProjekt3Web.csproj", "{01BB2370-9CCD-4AFA-A12A-7A2DC2BDCC30}"
EndProject
Global
	GlobalSection(SolutionConfigurationPlatforms) = preSolution
		Debug|Any CPU = Debug|Any CPU
		Release|Any CPU = Release|Any CPU
	EndGlobalSection
	GlobalSection(ProjectConfigurationPlatforms) = postSolution
		{01BB2370-9CCD-4AFA-A12A-7A2DC2BDCC30}.Debug|Any CPU.ActiveCfg = Debug|Any CPU
		{01BB2370-9CCD-4AFA-A12A-7A2DC2BDCC30}.Debug|Any CPU.Build.0 = Debug|Any CPU
		{01BB2370-9CCD-4AFA-A12A-7A2DC2BDCC30}.Release|Any CPU.ActiveCfg = Release|Any CPU
		{01BB2370-9CCD-4AFA-A12A-7A2DC2BDCC30}.Release|Any CPU.Build.0 = Release|Any CPU
	EndGlobalSection
	GlobalSection(SolutionProperties) = preSolution
		HideSolutionNode = FALSE
	EndGlobalSection
	GlobalSection(ExtensibilityGlobals) = postSolution
		SolutionGuid = {A666C46B-2A2E-4461-A29B-3A9A5A98BC9A}
	EndGlobalSection
EndGlobal
